
Microsoft Visual Studio Solution File, Format Version 12.00
# Visual Studio Version 16
VisualStudioVersion = 16.0.31729.503
MinimumVisualStudioVersion = 10.0.40219.1
Project("{FAE04EC0-301F-11D3-BF4B-00C04F79EFBC}") = "PawełGryglewiczLab2PracDom", "PawełGryglewiczLab2PracDom\PawełGryglewiczLab2PracDom.csproj", "{FA76EF04-B867-4D9C-95AD-50F252590C27}"
EndProject
Global
	GlobalSection(SolutionConfigurationPlatforms) = preSolution
		Debug|Any CPU = Debug|Any CPU
		Release|Any CPU = Release|Any CPU
	EndGlobalSection
	GlobalSection(ProjectConfigurationPlatforms) = postSolution
		{FA76EF04-B867-4D9C-95AD-50F252590C27}.Debug|Any CPU.ActiveCfg = Debug|Any CPU
		{FA76EF04-B867-4D9C-95AD-50F252590C27}.Debug|Any CPU.Build.0 = Debug|Any CPU
		{FA76EF04-B867-4D9C-95AD-50F252590C27}.Release|Any CPU.ActiveCfg = Release|Any CPU
		{FA76EF04-B867-4D9C-95AD-50F252590C27}.Release|Any CPU.Build.0 = Release|Any CPU
	EndGlobalSection
	GlobalSection(SolutionProperties) = preSolution
		HideSolutionNode = FALSE
	EndGlobalSection
	GlobalSection(ExtensibilityGlobals) = postSolution
		SolutionGuid = {C50D3E47-BD6C-43AE-A096-8D252A07B962}
	EndGlobalSection
EndGlobal
